
Microsoft Visual Studio Solution File, Format Version 12.00
# Visual Studio Version 16
VisualStudioVersion = 16.0.31402.337
MinimumVisualStudioVersion = 10.0.40219.1
Project("{8BC9CEB8-8B4A-11D0-8D11-00A0C91BC942}") = "TestGame", "TestGame\TestGame.vcxproj", "{63931F85-AB9D-44A6-AA3E-A390F3C71439}"
EndProject
Project("{8BC9CEB8-8B4A-11D0-8D11-00A0C91BC942}") = "Hunter", "Hunter\Hunter.vcxproj", "{A55A0FA1-C10B-4C3E-99D3-9117147FC38F}"
EndProject
Project("{8BC9CEB8-8B4A-11D0-8D11-00A0C91BC942}") = "glfw", "glfw\build\src\glfw.vcxproj", "{803998E0-3DA7-31A2-ABB0-C8EC50223589}"
EndProject
Project("{8BC9CEB8-8B4A-11D0-8D11-00A0C91BC942}") = "glad", "glad\glad.vcxproj", "{E1856950-3B2B-4273-9783-E9771FA47F16}"
EndProject
Project("{8BC9CEB8-8B4A-11D0-8D11-00A0C91BC942}") = "stb_image", "stb_image\stb_image.vcxproj", "{56223159-11A7-4069-B453-121B55F719F0}"
EndProject
Global
	GlobalSection(SolutionConfigurationPlatforms) = preSolution
		Debug|x64 = Debug|x64
		MinSizeRel|x64 = MinSizeRel|x64
		Release|x64 = Release|x64
		RelWithDebInfo|x64 = RelWithDebInfo|x64
	EndGlobalSection
	GlobalSection(ProjectConfigurationPlatforms) = postSolution
		{63931F85-AB9D-44A6-AA3E-A390F3C71439}.Debug|x64.ActiveCfg = Debug|x64
		{63931F85-AB9D-44A6-AA3E-A390F3C71439}.Debug|x64.Build.0 = Debug|x64
		{63931F85-AB9D-44A6-AA3E-A390F3C71439}.MinSizeRel|x64.ActiveCfg = Release|x64
		{63931F85-AB9D-44A6-AA3E-A390F3C71439}.MinSizeRel|x64.Build.0 = Release|x64
		{63931F85-AB9D-44A6-AA3E-A390F3C71439}.Release|x64.ActiveCfg = Release|x64
		{63931F85-AB9D-44A6-AA3E-A390F3C71439}.Release|x64.Build.0 = Release|x64
		{63931F85-AB9D-44A6-AA3E-A390F3C71439}.RelWithDebInfo|x64.ActiveCfg = Release|x64
		{63931F85-AB9D-44A6-AA3E-A390F3C71439}.RelWithDebInfo|x64.Build.0 = Release|x64
		{A55A0FA1-C10B-4C3E-99D3-9117147FC38F}.Debug|x64.ActiveCfg = Debug|x64
		{A55A0FA1-C10B-4C3E-99D3-9117147FC38F}.Debug|x64.Build.0 = Debug|x64
		{A55A0FA1-C10B-4C3E-99D3-9117147FC38F}.MinSizeRel|x64.ActiveCfg = Release|x64
		{A55A0FA1-C10B-4C3E-99D3-9117147FC38F}.MinSizeRel|x64.Build.0 = Release|x64
		{A55A0FA1-C10B-4C3E-99D3-9117147FC38F}.Release|x64.ActiveCfg = Release|x64
		{A55A0FA1-C10B-4C3E-99D3-9117147FC38F}.Release|x64.Build.0 = Release|x64
		{A55A0FA1-C10B-4C3E-99D3-9117147FC38F}.RelWithDebInfo|x64.ActiveCfg = Release|x64
		{A55A0FA1-C10B-4C3E-99D3-9117147FC38F}.RelWithDebInfo|x64.Build.0 = Release|x64
		{803998E0-3DA7-31A2-ABB0-C8EC50223589}.Debug|x64.ActiveCfg = Debug|x64
		{803998E0-3DA7-31A2-ABB0-C8EC50223589}.Debug|x64.Build.0 = Debug|x64
		{803998E0-3DA7-31A2-ABB0-C8EC50223589}.MinSizeRel|x64.ActiveCfg = MinSizeRel|x64
		{803998E0-3DA7-31A2-ABB0-C8EC50223589}.MinSizeRel|x64.Build.0 = MinSizeRel|x64
		{803998E0-3DA7-31A2-ABB0-C8EC50223589}.Release|x64.ActiveCfg = Release|x64
		{803998E0-3DA7-31A2-ABB0-C8EC50223589}.Release|x64.Build.0 = Release|x64
		{803998E0-3DA7-31A2-ABB0-C8EC50223589}.RelWithDebInfo|x64.ActiveCfg = RelWithDebInfo|x64
		{803998E0-3DA7-31A2-ABB0-C8EC50223589}.RelWithDebInfo|x64.Build.0 = RelWithDebInfo|x64
		{E1856950-3B2B-4273-9783-E9771FA47F16}.Debug|x64.ActiveCfg = Debug|x64
		{E1856950-3B2B-4273-9783-E9771FA47F16}.Debug|x64.Build.0 = Debug|x64
		{E1856950-3B2B-4273-9783-E9771FA47F16}.MinSizeRel|x64.ActiveCfg = Debug|x64
		{E1856950-3B2B-4273-9783-E9771FA47F16}.MinSizeRel|x64.Build.0 = Debug|x64
		{E1856950-3B2B-4273-9783-E9771FA47F16}.Release|x64.ActiveCfg = Release|x64
		{E1856950-3B2B-4273-9783-E9771FA47F16}.Release|x64.Build.0 = Release|x64
		{E1856950-3B2B-4273-9783-E9771FA47F16}.RelWithDebInfo|x64.ActiveCfg = Release|x64
		{E1856950-3B2B-4273-9783-E9771FA47F16}.RelWithDebInfo|x64.Build.0 = Release|x64
		{56223159-11A7-4069-B453-121B55F719F0}.Debug|x64.ActiveCfg = Debug|x64
		{56223159-11A7-4069-B453-121B55F719F0}.Debug|x64.Build.0 = Debug|x64
		{56223159-11A7-4069-B453-121B55F719F0}.MinSizeRel|x64.ActiveCfg = Debug|x64
		{56223159-11A7-4069-B453-121B55F719F0}.MinSizeRel|x64.Build.0 = Debug|x64
		{56223159-11A7-4069-B453-121B55F719F0}.Release|x64.ActiveCfg = Release|x64
		{56223159-11A7-4069-B453-121B55F719F0}.Release|x64.Build.0 = Release|x64
		{56223159-11A7-4069-B453-121B55F719F0}.RelWithDebInfo|x64.ActiveCfg = Release|x64
		{56223159-11A7-4069-B453-121B55F719F0}.RelWithDebInfo|x64.Build.0 = Release|x64
	EndGlobalSection
	GlobalSection(SolutionProperties) = preSolution
		HideSolutionNode = FALSE
	EndGlobalSection
	GlobalSection(ExtensibilityGlobals) = postSolution
		SolutionGuid = {6B89FB53-DF9F-4910-9D47-2EA717665A2F}
	EndGlobalSection
EndGlobal
